
Microsoft Visual Studio Solution File, Format Version 12.00
# Visual Studio Version 17
VisualStudioVersion = 17.7.34031.279
MinimumVisualStudioVersion = 10.0.40219.1
Project("{9A19103F-16F7-4668-BE54-9A1E7A4F7556}") = "PhoneBase", "PhoneBase.csproj", "{0749BA5A-6CE5-4DA9-82B2-9410C093E035}"
EndProject
Project("{FAE04EC0-301F-11D3-BF4B-00C04F79EFBC}") = "kjtStore", "..\..\hmw17-kjtStore\kjtStore\kjtStore.csproj", "{D2BBC179-2AC2-42A5-A5B3-439547BDD455}"
EndProject
Global
	GlobalSection(SolutionConfigurationPlatforms) = preSolution
		Debug|Any CPU = Debug|Any CPU
		Release|Any CPU = Release|Any CPU
	EndGlobalSection
	GlobalSection(ProjectConfigurationPlatforms) = postSolution
		{0749BA5A-6CE5-4DA9-82B2-9410C093E035}.Debug|Any CPU.ActiveCfg = Debug|Any CPU
		{0749BA5A-6CE5-4DA9-82B2-9410C093E035}.Debug|Any CPU.Build.0 = Debug|Any CPU
		{0749BA5A-6CE5-4DA9-82B2-9410C093E035}.Release|Any CPU.ActiveCfg = Release|Any CPU
		{0749BA5A-6CE5-4DA9-82B2-9410C093E035}.Release|Any CPU.Build.0 = Release|Any CPU
		{D2BBC179-2AC2-42A5-A5B3-439547BDD455}.Debug|Any CPU.ActiveCfg = Debug|Any CPU
		{D2BBC179-2AC2-42A5-A5B3-439547BDD455}.Debug|Any CPU.Build.0 = Debug|Any CPU
		{D2BBC179-2AC2-42A5-A5B3-439547BDD455}.Release|Any CPU.ActiveCfg = Release|Any CPU
		{D2BBC179-2AC2-42A5-A5B3-439547BDD455}.Release|Any CPU.Build.0 = Release|Any CPU
	EndGlobalSection
	GlobalSection(SolutionProperties) = preSolution
		HideSolutionNode = FALSE
	EndGlobalSection
	GlobalSection(ExtensibilityGlobals) = postSolution
		SolutionGuid = {4FF75AB5-704F-41A3-A8D1-C4F9AF56396C}
	EndGlobalSection
EndGlobal
